
Microsoft Visual Studio Solution File, Format Version 11.00
# Visual Studio 2010
Project("{FAE04EC0-301F-11D3-BF4B-00C04F79EFBC}") = "DuckstazyLive", "DuckstazyLive\DuckstazyLive\DuckstazyLive.csproj", "{5830AF18-8CA3-496A-8686-890DCECD58A7}"
EndProject
Project("{96E2B04D-8817-42C6-938A-82C39BA4D311}") = "DuckstazyLiveContent", "DuckstazyLive\DuckstazyLiveContent\DuckstazyLiveContent.contentproj", "{B34B4667-2999-46A2-8870-F46D4E88ADF9}"
EndProject
Project("{FAE04EC0-301F-11D3-BF4B-00C04F79EFBC}") = "Framework", "Framework\Framework.csproj", "{92CF5186-134D-4E68-B03C-73DC1A8C4660}"
EndProject
Project("{FAE04EC0-301F-11D3-BF4B-00C04F79EFBC}") = "Xbox 360 Copy of Framework", "Framework\Xbox 360 Copy of Framework.csproj", "{17ED518D-E007-48F7-99C0-8405F4380DA5}"
EndProject
Project("{FAE04EC0-301F-11D3-BF4B-00C04F79EFBC}") = "Xbox 360 Copy of DuckstazyLive", "DuckstazyLive\DuckstazyLive\Xbox 360 Copy of DuckstazyLive.csproj", "{6B02695E-0626-4B16-9BC7-76D4D3CAB6FF}"
EndProject
Global
	GlobalSection(SolutionConfigurationPlatforms) = preSolution
		Debug|Mixed Platforms = Debug|Mixed Platforms
		Debug|x86 = Debug|x86
		Debug|Xbox 360 = Debug|Xbox 360
		Release|Mixed Platforms = Release|Mixed Platforms
		Release|x86 = Release|x86
		Release|Xbox 360 = Release|Xbox 360
	EndGlobalSection
	GlobalSection(ProjectConfigurationPlatforms) = postSolution
		{5830AF18-8CA3-496A-8686-890DCECD58A7}.Debug|Mixed Platforms.ActiveCfg = Debug|x86
		{5830AF18-8CA3-496A-8686-890DCECD58A7}.Debug|Mixed Platforms.Build.0 = Debug|x86
		{5830AF18-8CA3-496A-8686-890DCECD58A7}.Debug|x86.ActiveCfg = Debug|x86
		{5830AF18-8CA3-496A-8686-890DCECD58A7}.Debug|x86.Build.0 = Debug|x86
		{5830AF18-8CA3-496A-8686-890DCECD58A7}.Debug|Xbox 360.ActiveCfg = Debug|x86
		{5830AF18-8CA3-496A-8686-890DCECD58A7}.Debug|Xbox 360.Build.0 = Debug|x86
		{5830AF18-8CA3-496A-8686-890DCECD58A7}.Release|Mixed Platforms.ActiveCfg = Release|x86
		{5830AF18-8CA3-496A-8686-890DCECD58A7}.Release|Mixed Platforms.Build.0 = Release|x86
		{5830AF18-8CA3-496A-8686-890DCECD58A7}.Release|x86.ActiveCfg = Release|x86
		{5830AF18-8CA3-496A-8686-890DCECD58A7}.Release|x86.Build.0 = Release|x86
		{5830AF18-8CA3-496A-8686-890DCECD58A7}.Release|Xbox 360.ActiveCfg = Release|x86
		{5830AF18-8CA3-496A-8686-890DCECD58A7}.Release|Xbox 360.Build.0 = Release|x86
		{B34B4667-2999-46A2-8870-F46D4E88ADF9}.Debug|Mixed Platforms.ActiveCfg = Debug|x86
		{B34B4667-2999-46A2-8870-F46D4E88ADF9}.Debug|x86.ActiveCfg = Debug|x86
		{B34B4667-2999-46A2-8870-F46D4E88ADF9}.Debug|Xbox 360.ActiveCfg = Debug|x86
		{B34B4667-2999-46A2-8870-F46D4E88ADF9}.Release|Mixed Platforms.ActiveCfg = Release|x86
		{B34B4667-2999-46A2-8870-F46D4E88ADF9}.Release|x86.ActiveCfg = Release|x86
		{B34B4667-2999-46A2-8870-F46D4E88ADF9}.Release|Xbox 360.ActiveCfg = Release|x86
		{92CF5186-134D-4E68-B03C-73DC1A8C4660}.Debug|Mixed Platforms.ActiveCfg = Debug|x86
		{92CF5186-134D-4E68-B03C-73DC1A8C4660}.Debug|Mixed Platforms.Build.0 = Debug|x86
		{92CF5186-134D-4E68-B03C-73DC1A8C4660}.Debug|x86.ActiveCfg = Debug|x86
		{92CF5186-134D-4E68-B03C-73DC1A8C4660}.Debug|x86.Build.0 = Debug|x86
		{92CF5186-134D-4E68-B03C-73DC1A8C4660}.Debug|Xbox 360.ActiveCfg = Debug|x86
		{92CF5186-134D-4E68-B03C-73DC1A8C4660}.Debug|Xbox 360.Build.0 = Debug|x86
		{92CF5186-134D-4E68-B03C-73DC1A8C4660}.Release|Mixed Platforms.ActiveCfg = Release|x86
		{92CF5186-134D-4E68-B03C-73DC1A8C4660}.Release|Mixed Platforms.Build.0 = Release|x86
		{92CF5186-134D-4E68-B03C-73DC1A8C4660}.Release|x86.ActiveCfg = Release|x86
		{92CF5186-134D-4E68-B03C-73DC1A8C4660}.Release|x86.Build.0 = Release|x86
		{92CF5186-134D-4E68-B03C-73DC1A8C4660}.Release|Xbox 360.ActiveCfg = Release|x86
		{92CF5186-134D-4E68-B03C-73DC1A8C4660}.Release|Xbox 360.Build.0 = Release|x86
		{17ED518D-E007-48F7-99C0-8405F4380DA5}.Debug|Mixed Platforms.ActiveCfg = Debug|Xbox 360
		{17ED518D-E007-48F7-99C0-8405F4380DA5}.Debug|Mixed Platforms.Build.0 = Debug|Xbox 360
		{17ED518D-E007-48F7-99C0-8405F4380DA5}.Debug|x86.ActiveCfg = Debug|Xbox 360
		{17ED518D-E007-48F7-99C0-8405F4380DA5}.Debug|Xbox 360.ActiveCfg = Debug|Xbox 360
		{17ED518D-E007-48F7-99C0-8405F4380DA5}.Debug|Xbox 360.Build.0 = Debug|Xbox 360
		{17ED518D-E007-48F7-99C0-8405F4380DA5}.Release|Mixed Platforms.ActiveCfg = Release|Xbox 360
		{17ED518D-E007-48F7-99C0-8405F4380DA5}.Release|Mixed Platforms.Build.0 = Release|Xbox 360
		{17ED518D-E007-48F7-99C0-8405F4380DA5}.Release|x86.ActiveCfg = Release|Xbox 360
		{17ED518D-E007-48F7-99C0-8405F4380DA5}.Release|Xbox 360.ActiveCfg = Release|Xbox 360
		{17ED518D-E007-48F7-99C0-8405F4380DA5}.Release|Xbox 360.Build.0 = Release|Xbox 360
		{6B02695E-0626-4B16-9BC7-76D4D3CAB6FF}.Debug|Mixed Platforms.ActiveCfg = Debug|Xbox 360
		{6B02695E-0626-4B16-9BC7-76D4D3CAB6FF}.Debug|Mixed Platforms.Build.0 = Debug|Xbox 360
		{6B02695E-0626-4B16-9BC7-76D4D3CAB6FF}.Debug|Mixed Platforms.Deploy.0 = Debug|Xbox 360
		{6B02695E-0626-4B16-9BC7-76D4D3CAB6FF}.Debug|x86.ActiveCfg = Debug|Xbox 360
		{6B02695E-0626-4B16-9BC7-76D4D3CAB6FF}.Debug|Xbox 360.ActiveCfg = Debug|Xbox 360
		{6B02695E-0626-4B16-9BC7-76D4D3CAB6FF}.Debug|Xbox 360.Build.0 = Debug|Xbox 360
		{6B02695E-0626-4B16-9BC7-76D4D3CAB6FF}.Debug|Xbox 360.Deploy.0 = Debug|Xbox 360
		{6B02695E-0626-4B16-9BC7-76D4D3CAB6FF}.Release|Mixed Platforms.ActiveCfg = Release|Xbox 360
		{6B02695E-0626-4B16-9BC7-76D4D3CAB6FF}.Release|Mixed Platforms.Build.0 = Release|Xbox 360
		{6B02695E-0626-4B16-9BC7-76D4D3CAB6FF}.Release|Mixed Platforms.Deploy.0 = Release|Xbox 360
		{6B02695E-0626-4B16-9BC7-76D4D3CAB6FF}.Release|x86.ActiveCfg = Release|Xbox 360
		{6B02695E-0626-4B16-9BC7-76D4D3CAB6FF}.Release|Xbox 360.ActiveCfg = Release|Xbox 360
		{6B02695E-0626-4B16-9BC7-76D4D3CAB6FF}.Release|Xbox 360.Build.0 = Release|Xbox 360
		{6B02695E-0626-4B16-9BC7-76D4D3CAB6FF}.Release|Xbox 360.Deploy.0 = Release|Xbox 360
	EndGlobalSection
	GlobalSection(SolutionProperties) = preSolution
		HideSolutionNode = FALSE
	EndGlobalSection
EndGlobal
